
Microsoft Visual Studio Solution File, Format Version 12.00
# Visual Studio Version 16
VisualStudioVersion = 16.0.30114.105
MinimumVisualStudioVersion = 10.0.40219.1
Project("{2150E333-8FDC-42A3-9474-1A3956D46DE8}") = "src", "src", "{027F5502-6DA3-4466-82FE-F70038FEEF08}"
EndProject
Project("{FAE04EC0-301F-11D3-BF4B-00C04F79EFBC}") = "MyNunit", "src\MyNunit\MyNunit.csproj", "{5DB49417-0002-4915-A6C5-1AF34B134796}"
EndProject
Global
	GlobalSection(SolutionConfigurationPlatforms) = preSolution
		Debug|Any CPU = Debug|Any CPU
		Release|Any CPU = Release|Any CPU
	EndGlobalSection
	GlobalSection(SolutionProperties) = preSolution
		HideSolutionNode = FALSE
	EndGlobalSection
	GlobalSection(ProjectConfigurationPlatforms) = postSolution
		{5DB49417-0002-4915-A6C5-1AF34B134796}.Debug|Any CPU.ActiveCfg = Debug|Any CPU
		{5DB49417-0002-4915-A6C5-1AF34B134796}.Debug|Any CPU.Build.0 = Debug|Any CPU
		{5DB49417-0002-4915-A6C5-1AF34B134796}.Release|Any CPU.ActiveCfg = Release|Any CPU
		{5DB49417-0002-4915-A6C5-1AF34B134796}.Release|Any CPU.Build.0 = Release|Any CPU
	EndGlobalSection
	GlobalSection(NestedProjects) = preSolution
		{5DB49417-0002-4915-A6C5-1AF34B134796} = {027F5502-6DA3-4466-82FE-F70038FEEF08}
	EndGlobalSection
EndGlobal
